
Microsoft Visual Studio Solution File, Format Version 12.00
# Visual Studio Version 17
VisualStudioVersion = 17.14.36511.14
MinimumVisualStudioVersion = 10.0.40219.1
Project("{FAE04EC0-301F-11D3-BF4B-00C04F79EFBC}") = "GreenGuard", "GreenGuard.csproj", "{C9DA9A90-F04B-4BC5-A853-B1FA3FDF5C55}"
EndProject
Project("{FAE04EC0-301F-11D3-BF4B-00C04F79EFBC}") = "GreenGuardApi", "..\..\..\source\repos\Project\GreenGuardApi\GreenGuardApi.csproj", "{BAA9BCCD-B78D-5982-CD4D-86F232C28A81}"
EndProject
Global
	GlobalSection(SolutionConfigurationPlatforms) = preSolution
		Debug|Any CPU = Debug|Any CPU
		Release|Any CPU = Release|Any CPU
	EndGlobalSection
	GlobalSection(ProjectConfigurationPlatforms) = postSolution
		{C9DA9A90-F04B-4BC5-A853-B1FA3FDF5C55}.Debug|Any CPU.ActiveCfg = Debug|Any CPU
		{C9DA9A90-F04B-4BC5-A853-B1FA3FDF5C55}.Debug|Any CPU.Build.0 = Debug|Any CPU
		{C9DA9A90-F04B-4BC5-A853-B1FA3FDF5C55}.Debug|Any CPU.Deploy.0 = Debug|Any CPU
		{C9DA9A90-F04B-4BC5-A853-B1FA3FDF5C55}.Release|Any CPU.ActiveCfg = Release|Any CPU
		{C9DA9A90-F04B-4BC5-A853-B1FA3FDF5C55}.Release|Any CPU.Build.0 = Release|Any CPU
		{BAA9BCCD-B78D-5982-CD4D-86F232C28A81}.Debug|Any CPU.ActiveCfg = Debug|Any CPU
		{BAA9BCCD-B78D-5982-CD4D-86F232C28A81}.Debug|Any CPU.Build.0 = Debug|Any CPU
		{BAA9BCCD-B78D-5982-CD4D-86F232C28A81}.Release|Any CPU.ActiveCfg = Release|Any CPU
		{BAA9BCCD-B78D-5982-CD4D-86F232C28A81}.Release|Any CPU.Build.0 = Release|Any CPU
	EndGlobalSection
	GlobalSection(SolutionProperties) = preSolution
		HideSolutionNode = FALSE
	EndGlobalSection
	GlobalSection(ExtensibilityGlobals) = postSolution
		SolutionGuid = {F870D180-67B7-421F-8B18-5260430C78D7}
	EndGlobalSection
EndGlobal
